
Microsoft Visual Studio Solution File, Format Version 12.00
# Visual Studio Version 17
VisualStudioVersion = 17.1.32421.90
MinimumVisualStudioVersion = 10.0.40219.1
Project("{FAE04EC0-301F-11D3-BF4B-00C04F79EFBC}") = "Test.WebApi", "Test.WebApi\Test.WebApi.csproj", "{6ED65A54-505E-4499-808C-89AF1D308503}"
Project("{9A19103F-16F7-4668-BE54-9A1E7A4F7556}") = "Test.WebApi", "Test.WebApi\Test.WebApi.csproj", "{6ED65A54-505E-4499-808C-89AF1D308503}"
EndProject
Project("{9A19103F-16F7-4668-BE54-9A1E7A4F7556}") = "Test.Domain", "Test.Domain\Test.Domain.csproj", "{E4AFDC53-EEDA-4342-9CF4-111100F0DC4F}"
EndProject
Project("{9A19103F-16F7-4668-BE54-9A1E7A4F7556}") = "Test.BusinessLogic", "Test.BusinessLogic\Test.BusinessLogic.csproj", "{2846BDAD-FBBA-4492-81C0-B42979C7B852}"
EndProject
Project("{FAE04EC0-301F-11D3-BF4B-00C04F79EFBC}") = "Test.UnitTest", "Test.UnitTest\Test.UnitTest.csproj", "{BE005D91-63BF-4680-89DC-38EF0AA9B5FF}"
EndProject
Global
	GlobalSection(SolutionConfigurationPlatforms) = preSolution
		Debug|Any CPU = Debug|Any CPU
		Release|Any CPU = Release|Any CPU
	EndGlobalSection
	GlobalSection(ProjectConfigurationPlatforms) = postSolution
		{6ED65A54-505E-4499-808C-89AF1D308503}.Debug|Any CPU.ActiveCfg = Debug|Any CPU
		{6ED65A54-505E-4499-808C-89AF1D308503}.Debug|Any CPU.Build.0 = Debug|Any CPU
		{6ED65A54-505E-4499-808C-89AF1D308503}.Release|Any CPU.ActiveCfg = Release|Any CPU
		{6ED65A54-505E-4499-808C-89AF1D308503}.Release|Any CPU.Build.0 = Release|Any CPU
	EndGlobalSection
	GlobalSection(SolutionProperties) = preSolution
		HideSolutionNode = FALSE
	EndGlobalSection
	GlobalSection(ExtensibilityGlobals) = postSolution
		SolutionGuid = {A154DA97-F804-4E5D-963A-5023EE2D9C31}
	EndGlobalSection
EndGlobal
